
Microsoft Visual Studio Solution File, Format Version 12.00
# Visual Studio Version 17
VisualStudioVersion = 17.13.35828.75 d17.13
MinimumVisualStudioVersion = 10.0.40219.1
Project("{FAE04EC0-301F-11D3-BF4B-00C04F79EFBC}") = "API_Tests", "API_Tests.csproj", "{B63A5C37-C3A4-13F2-A72D-94A62DA098AD}"
EndProject
Global
	GlobalSection(SolutionConfigurationPlatforms) = preSolution
		Debug|Any CPU = Debug|Any CPU
		Release|Any CPU = Release|Any CPU
	EndGlobalSection
	GlobalSection(ProjectConfigurationPlatforms) = postSolution
		{B63A5C37-C3A4-13F2-A72D-94A62DA098AD}.Debug|Any CPU.ActiveCfg = Debug|Any CPU
		{B63A5C37-C3A4-13F2-A72D-94A62DA098AD}.Debug|Any CPU.Build.0 = Debug|Any CPU
		{B63A5C37-C3A4-13F2-A72D-94A62DA098AD}.Release|Any CPU.ActiveCfg = Release|Any CPU
		{B63A5C37-C3A4-13F2-A72D-94A62DA098AD}.Release|Any CPU.Build.0 = Release|Any CPU
	EndGlobalSection
	GlobalSection(SolutionProperties) = preSolution
		HideSolutionNode = FALSE
	EndGlobalSection
	GlobalSection(ExtensibilityGlobals) = postSolution
		SolutionGuid = {B1E19EBD-FF4B-45DE-8114-687467D88D74}
	EndGlobalSection
EndGlobal
